PODS:
  - ChameleonFramework (2.1.0):
    - ChameleonFramework/Default (= 2.1.0)
  - ChameleonFramework/Default (2.1.0)
  - Firebase/Auth (6.2.0):
    - Firebase/CoreOnly
    - FirebaseAuth (~> 6.1.1)
  - Firebase/Core (6.2.0):
    - Firebase/CoreOnly
    - FirebaseAnalytics (= 6.0.1)
  - Firebase/CoreOnly (6.2.0):
    - FirebaseCore (= 6.0.2)
  - Firebase/Database (6.2.0):
    - Firebase/CoreOnly
    - FirebaseDatabase (~> 6.0.0)
  - Firebase/Messaging (6.2.0):
    - Firebase/CoreOnly
    - FirebaseMessaging (~> 4.0.2)
  - FirebaseAnalytics (6.0.1):
    - FirebaseCore (~> 6.0)
    - FirebaseInstanceID (~> 4.1)
    - GoogleAppMeasurement (= 6.0.1)
    - GoogleUtilities/AppDelegateSwizzler (~> 6.0)
    - GoogleUtilities/MethodSwizzler (~> 6.0)
    - GoogleUtilities/Network (~> 6.0)
    - "GoogleUtilities/NSData+zlib (~> 6.0)"
    - nanopb (~> 0.3)
  - FirebaseAnalyticsInterop (1.2.0)
  - FirebaseAuth (6.1.1):
    - FirebaseAuthInterop (~> 1.0)
    - FirebaseCore (~> 6.0)
    - GoogleUtilities/AppDelegateSwizzler (~> 6.2)
    - GoogleUtilities/Environment (~> 6.2)
    - GTMSessionFetcher/Core (~> 1.1)
  - FirebaseAuthInterop (1.0.0)
  - FirebaseCore (6.0.2):
    - GoogleUtilities/Environment (~> 6.0)
    - GoogleUtilities/Logger (~> 6.0)
  - FirebaseDatabase (6.0.0):
    - FirebaseAuthInterop (~> 1.0)
    - FirebaseCore (~> 6.0)
    - leveldb-library (~> 1.18)
  - FirebaseInstanceID (4.1.1):
    - FirebaseCore (~> 6.0)
    - GoogleUtilities/Environment (~> 6.0)
    - GoogleUtilities/UserDefaults (~> 6.0)
  - FirebaseMessaging (4.0.2):
    - FirebaseAnalyticsInterop (~> 1.1)
    - FirebaseCore (~> 6.0)
    - FirebaseInstanceID (~> 4.1)
    - GoogleUtilities/AppDelegateSwizzler (~> 6.2)
    - GoogleUtilities/Environment (~> 6.2)
    - GoogleUtilities/Reachability (~> 6.2)
    - GoogleUtilities/UserDefaults (~> 6.2)
    - Protobuf (~> 3.1)
  - GoogleAppMeasurement (6.0.1):
    - GoogleUtilities/AppDelegateSwizzler (~> 6.0)
    - GoogleUtilities/MethodSwizzler (~> 6.0)
    - GoogleUtilities/Network (~> 6.0)
    - "GoogleUtilities/NSData+zlib (~> 6.0)"
    - nanopb (~> 0.3)
  - GoogleUtilities/AppDelegateSwizzler (6.2.0):
    - GoogleUtilities/Environment
    - GoogleUtilities/Logger
    - GoogleUtilities/Network
  - GoogleUtilities/Environment (6.2.0)
  - GoogleUtilities/Logger (6.2.0):
    - GoogleUtilities/Environment
  - GoogleUtilities/MethodSwizzler (6.2.0):
    - GoogleUtilities/Logger
  - GoogleUtilities/Network (6.2.0):
    - GoogleUtilities/Logger
    - "GoogleUtilities/NSData+zlib"
    - GoogleUtilities/Reachability
  - "GoogleUtilities/NSData+zlib (6.2.0)"
  - GoogleUtilities/Reachability (6.2.0):
    - GoogleUtilities/Logger
  - GoogleUtilities/UserDefaults (6.2.0):
    - GoogleUtilities/Logger
  - GTMSessionFetcher/Core (1.2.2)
  - IGListKit (3.4.0):
    - IGListKit/Default (= 3.4.0)
  - IGListKit/Default (3.4.0):
    - IGListKit/Diffing
  - IGListKit/Diffing (3.4.0)
  - InputBarAccessoryView (4.3.1):
    - InputBarAccessoryView/Core (= 4.3.1)
  - InputBarAccessoryView/Core (4.3.1)
  - leveldb-library (1.20)
  - MessageInputBar (0.4.1):
    - MessageInputBar/Core (= 0.4.1)
  - MessageInputBar/Core (0.4.1)
  - MessageKit (3.1.0):
    - InputBarAccessoryView (~> 4.3.0)
  - nanopb (0.3.901):
    - nanopb/decode (= 0.3.901)
    - nanopb/encode (= 0.3.901)
  - nanopb/decode (0.3.901)
  - nanopb/encode (0.3.901)
  - Protobuf (3.8.0)
  - SwipeableTabBarController (2.1.1)
  - TransitionButton (0.5.2)

DEPENDENCIES:
  - ChameleonFramework
  - Firebase/Auth
  - Firebase/Core
  - Firebase/Database
  - Firebase/Messaging
  - IGListKit (~> 3.0)
  - MessageInputBar
  - MessageKit (from `https://github.com/MessageKit/MessageKit`, branch `3.0.0-swift5`)
  - SwipeableTabBarController
  - TransitionButton

SPEC REPOS:
  https://github.com/cocoapods/specs.git:
    - ChameleonFramework
    - Firebase
    - FirebaseAnalytics
    - FirebaseAnalyticsInterop
    - FirebaseAuth
    - FirebaseAuthInterop
    - FirebaseCore
    - FirebaseDatabase
    - FirebaseInstanceID
    - FirebaseMessaging
    - GoogleAppMeasurement
    - GoogleUtilities
    - GTMSessionFetcher
    - IGListKit
    - InputBarAccessoryView
    - leveldb-library
    - MessageInputBar
    - nanopb
    - Protobuf
    - SwipeableTabBarController
    - TransitionButton

EXTERNAL SOURCES:
  MessageKit:
    :branch: 3.0.0-swift5
    :git: https://github.com/MessageKit/MessageKit

CHECKOUT OPTIONS:
  MessageKit:
    :commit: c958e580c0af8e7373a111ef4ee1b7a5ad7e8568
    :git: https://github.com/MessageKit/MessageKit

SPEC CHECKSUMS:
  ChameleonFramework: d21a3cc247abfe5e37609a283a8238b03575cf64
  Firebase: 5965bac23e7fcb5fa6d926ed429c9ecef8a2014e
  FirebaseAnalytics: 629301c2b9925f3537d4093a17a72751ae5b7084
  FirebaseAnalyticsInterop: efbe45c8385ec626e29f9525e5ebd38520dfb6c1
  FirebaseAuth: 80879f0e9f2c5f40686d5b42f6ccb3cd5dce78ea
  FirebaseAuthInterop: 0ffa57668be100582bb7643d4fcb7615496c41fc
  FirebaseCore: b0f0262acebfa540e5f97b3832dbb13186980822
  FirebaseDatabase: f48e067716864be2b855cf716b927ef375d6cfa0
  FirebaseInstanceID: cdb3827746d53ece7ae87a5c51c25c3055443366
  FirebaseMessaging: 20b6626c41be7840aed7a3dd9a14003efae3d588
  GoogleAppMeasurement: 51d8d9ea48f0ca44484d29cfbdef976fbd4fc336
  GoogleUtilities: 996e0db07153674fd1b54b220fda3a3dc3547cba
  GTMSessionFetcher: 61bb0f61a4cb560030f1222021178008a5727a23
  IGListKit: 7a5d788e9fb746bcd402baa8e8b24bc3bd2a5a07
  InputBarAccessoryView: 58a348be7ea2736c7eec60e5c315511c2dbb39fd
  leveldb-library: 08cba283675b7ed2d99629a4bc5fd052cd2bb6a5
  MessageInputBar: e81c7535347f1f7b923de7080409a535a004b6e4
  MessageKit: 72add24fcba6c6ca1e09385285f6f66757340769
  nanopb: 2901f78ea1b7b4015c860c2fdd1ea2fee1a18d48
  Protobuf: 3f617b9a6e73605565086864c9bc26b2bf2dd5a3
  SwipeableTabBarController: 8f7f04275f510c5babb630f7be1161b5f28567e0
  TransitionButton: fb271583d9c9e4bb116b97103047e5157653f233

PODFILE CHECKSUM: 621635547668a094911c81cc3a0e3648f21abf4d

COCOAPODS: 1.7.2
